
Microsoft Visual Studio Solution File, Format Version 12.00
# Visual Studio Version 17
VisualStudioVersion = 17.9.34607.119
MinimumVisualStudioVersion = 10.0.40219.1
Project("{FAE04EC0-301F-11D3-BF4B-00C04F79EFBC}") = "DH01EventManager", "DH01EventManager\DH01EventManager.csproj", "{9C24DECD-A912-4CD8-AAC0-D83B47C620C6}"
EndProject
Global
	GlobalSection(SolutionConfigurationPlatforms) = preSolution
		Debug|Any CPU = Debug|Any CPU
		Release|Any CPU = Release|Any CPU
	EndGlobalSection
	GlobalSection(ProjectConfigurationPlatforms) = postSolution
		{9C24DECD-A912-4CD8-AAC0-D83B47C620C6}.Debug|Any CPU.ActiveCfg = Debug|Any CPU
		{9C24DECD-A912-4CD8-AAC0-D83B47C620C6}.Debug|Any CPU.Build.0 = Debug|Any CPU
		{9C24DECD-A912-4CD8-AAC0-D83B47C620C6}.Release|Any CPU.ActiveCfg = Release|Any CPU
		{9C24DECD-A912-4CD8-AAC0-D83B47C620C6}.Release|Any CPU.Build.0 = Release|Any CPU
	EndGlobalSection
	GlobalSection(SolutionProperties) = preSolution
		HideSolutionNode = FALSE
	EndGlobalSection
	GlobalSection(ExtensibilityGlobals) = postSolution
		SolutionGuid = {5475B37D-0041-4E72-B384-13BC008BD97F}
	EndGlobalSection
EndGlobal
